# This file is automatically @generated by Poetry 1.8.3 and should not be changed by hand.

[[package]]
name = "osbot-utils"
version = "1.56.0"
description = "OWASP Security Bot - Utils"
optional = false
python-versions = "<4.0,>=3.7"
files = [
    {file = "osbot_utils-1.56.0-py3-none-any.whl", hash = "sha256:d1a8437a6258c2e624e0c3d4e54f999f1c61d31f38a3cc870af093f8efb975da"},
    {file = "osbot_utils-1.56.0.tar.gz", hash = "sha256:5952e0075d8a3380029bfb6e57c8efc4c3e851aa61dd17002cb62e23bfacd454"},
]

[metadata]
lock-version = "2.0"
python-versions = "^3.7"
content-hash = "2891855b349ce46aa224a5083fd3b1e0fe1b95e4038866b3ad68757b1cd32b09"
