# This file is automatically @generated by Poetry 1.8.3 and should not be changed by hand.

[[package]]
name = "osbot-utils"
version = "1.54.0"
description = "OWASP Security Bot - Utils"
optional = false
python-versions = "<4.0,>=3.7"
files = [
    {file = "osbot_utils-1.54.0-py3-none-any.whl", hash = "sha256:018f36ec4b744f8b06bd520ca7dfeedfdf10409b3ecbc49cd699469cb9f0baa4"},
    {file = "osbot_utils-1.54.0.tar.gz", hash = "sha256:a8cf2292e2f40867909afd37f8b9bf868c9a8eda96040a6d0145284f2dd4bd54"},
]

[metadata]
lock-version = "2.0"
python-versions = "^3.7"
content-hash = "2891855b349ce46aa224a5083fd3b1e0fe1b95e4038866b3ad68757b1cd32b09"
