# This file is automatically @generated by Poetry 1.8.3 and should not be changed by hand.

[[package]]
name = "osbot-utils"
version = "1.17.0"
description = "OWASP Security Bot - Utils"
optional = false
python-versions = "<4.0,>=3.7"
files = [
    {file = "osbot_utils-1.17.0-py3-none-any.whl", hash = "sha256:8a56cfe0c995fb2fcee8bed300aea3215ff97b6d40247769805c7dec2ed11d9f"},
    {file = "osbot_utils-1.17.0.tar.gz", hash = "sha256:04795abe9b2c8724b52e27f369feefba956a64f70a1bab28b9c473b9a8f9623c"},
]

[metadata]
lock-version = "2.0"
python-versions = "^3.7"
content-hash = "2891855b349ce46aa224a5083fd3b1e0fe1b95e4038866b3ad68757b1cd32b09"
